{
  "object": {
    "pins": [
      {
        "package": "VTabView",
        "repositoryURL": "https://github.com/lorenzofiamingo/SwiftUI-VerticalTabView",
        "state": {
          "branch": null,
          "revision": "fb6375b0c2d1b90d6849c177d442319e6f8dedf6",
          "version": "1.0.0"
        }
      }
    ]
  },
  "version": 1
}
